// !$*UTF8*$!
{
	archiveVersion = 1;
	classes = {
	};
	objectVersion = 77;
	objects = {

/* Begin PBXBuildFile section */
		0063E2522B044FE6B42A9FAD /* BizPlayerKit in Frameworks */ = {isa = PBXBuildFile; productRef = 6DB1AA1D72F3A73A7199EB34 /* BizPlayerKit */; };
		0B487CBD030C1EDDD6A5D409 /* ShowcaseDetailLongPressSpeedService.swift in Sources */ = {isa = PBXBuildFile; fileRef = 189F9040412B67F8BA3BE2C6 /* ShowcaseDetailLongPressSpeedService.swift */; };
		12D7134C3FA162F6B30C683D /* PlayerSpeedPanelPlugin.swift in Sources */ = {isa = PBXBuildFile; fileRef = 292027AF722AB2C9EA8D548E /* PlayerSpeedPanelPlugin.swift */; };
		1C383F3DE609B3CEFDC38607 /* ShowcaseFeedListViewModel.swift in Sources */ = {isa = PBXBuildFile; fileRef = 6AA7178FB8FD997439BE4895 /* ShowcaseFeedListViewModel.swift */; };
		1EB8C9C31647171C1E123789 /* PlayerDebugService.swift in Sources */ = {isa = PBXBuildFile; fileRef = 4A8D41BBCCF60A68688A19C3 /* PlayerDebugService.swift */; };
		23FBD2DFE74934625D389EB0 /* ScenePlayerRegProvider.swift in Sources */ = {isa = PBXBuildFile; fileRef = 91971AA6E4A77F1362C76D7C /* ScenePlayerRegProvider.swift */; };
		29500245CDD248A60F752C99 /* PlayerToastPlugin.swift in Sources */ = {isa = PBXBuildFile; fileRef = 6BF240B0D9ABD4FB132D2321 /* PlayerToastPlugin.swift */; };
		295D7F537049A008EAD2B359 /* SceneDelegate.swift in Sources */ = {isa = PBXBuildFile; fileRef = 4823F044FDF75E9040A2C600 /* SceneDelegate.swift */; };
		2F2C272C1135D72AF7F02A27 /* PlayerTipManagerService.swift in Sources */ = {isa = PBXBuildFile; fileRef = 4ABEBDBCDA96427BBB9D4E82 /* PlayerTipManagerService.swift */; };
		32B500996F844432262EFEE2 /* ShowcaseDetailControlService.swift in Sources */ = {isa = PBXBuildFile; fileRef = 50805C026EC2ECDF8E3B36EF /* ShowcaseDetailControlService.swift */; };
		3971DA2DC19A145B46BD8021 /* PlayerPanelService.swift in Sources */ = {isa = PBXBuildFile; fileRef = B42634BDE60C366E10C2E001 /* PlayerPanelService.swift */; };
		3EFFCB7B4BAD59DAE3B2C1F7 /* PlayerTipManagerPlugin.swift in Sources */ = {isa = PBXBuildFile; fileRef = 3E3E7AB97B692D3FA6C2098B /* PlayerTipManagerPlugin.swift */; };
		52932836644D7973CD55CBAD /* ShowcaseFeedCellViewModel.swift in Sources */ = {isa = PBXBuildFile; fileRef = 9ADA14A144176E13E0156BCC /* ShowcaseFeedCellViewModel.swift */; };
		5AF1E5E485B97678B6E75C42 /* ServiceDiscoveryTests.swift in Sources */ = {isa = PBXBuildFile; fileRef = 85C0E3E176B0B9CCC50AA6F5 /* ServiceDiscoveryTests.swift */; };
		5B8CCB295648981B96441501 /* ScenePlayerProcessPlugin.swift in Sources */ = {isa = PBXBuildFile; fileRef = 008504044AE93C86DE333BA5 /* ScenePlayerProcessPlugin.swift */; };
		5F8C7918EA72AE7C3BE75126 /* ShowcaseFeedCellViewPlugin.swift in Sources */ = {isa = PBXBuildFile; fileRef = 34A24F3DE837FF5FA4FFF8CE /* ShowcaseFeedCellViewPlugin.swift */; };
		69A17D202B3EBCFF5073CF4A /* ShowcaseAutoPlayNextPlugin.swift in Sources */ = {isa = PBXBuildFile; fileRef = 53389B3FC1E810810FBB490E /* ShowcaseAutoPlayNextPlugin.swift */; };
		6CFA6A8C1EE437280104211D /* ShowcaseModels.swift in Sources */ = {isa = PBXBuildFile; fileRef = 9FA3AED13119D4526E41FBBD /* ShowcaseModels.swift */; };
		70BF11961C053EC0C414DDD0 /* PlayerSpeedPanelView.swift in Sources */ = {isa = PBXBuildFile; fileRef = 1BCECE80D2529ED40EB1CAF5 /* PlayerSpeedPanelView.swift */; };
		7955DA6A981179B47E608902 /* PlayerGesturePlugin.swift in Sources */ = {isa = PBXBuildFile; fileRef = 21AEBF9F4BCB9EAB761B9A71 /* PlayerGesturePlugin.swift */; };
		7A7D4CE1BB1B3FC6D67F417A /* ShowcaseDetailSceneContext.swift in Sources */ = {isa = PBXBuildFile; fileRef = E146581D2E6CC1E5435E77F9 /* ShowcaseDetailSceneContext.swift */; };
		7DA382AAE10FF9B3A413EC30 /* PlayerZoomPlugin.swift in Sources */ = {isa = PBXBuildFile; fileRef = 8596D75076C16739EDEF5AD3 /* PlayerZoomPlugin.swift */; };
		7FDA8094C8352E5782CD9DBA /* ShowcaseFeedOverlayService.swift in Sources */ = {isa = PBXBuildFile; fileRef = EB63ECAEEDCFE37CDEEED891 /* ShowcaseFeedOverlayService.swift */; };
		81B83C0EC233EF008EF22866 /* PlayerFinishViewPlugin.swift in Sources */ = {isa = PBXBuildFile; fileRef = ECE644144CD1410A23B5A24C /* PlayerFinishViewPlugin.swift */; };
		83FE66A05B69AB2EC7A279B5 /* PlayerSpeedPanelService.swift in Sources */ = {isa = PBXBuildFile; fileRef = E20EFA5A475C963304460EFE /* PlayerSpeedPanelService.swift */; };
		88BE8C0A30606874808F9342 /* ScenePlayerProcessService.swift in Sources */ = {isa = PBXBuildFile; fileRef = C1F0CC779B377F9A7E4A0BFB /* ScenePlayerProcessService.swift */; };
		8BE0A265609F39CBA7D3252D /* PlayerFullScreenPlugin.swift in Sources */ = {isa = PBXBuildFile; fileRef = C2F966AE13FD582B687A8ED6 /* PlayerFullScreenPlugin.swift */; };
		8F7C01119CD6B57D08C92597 /* ShowcaseFeedCellViewService.swift in Sources */ = {isa = PBXBuildFile; fileRef = 3A447AC747C200AF3FF13C01 /* ShowcaseFeedCellViewService.swift */; };
		921197E634346D9CE2ACBC9D /* PlayerGestureService.swift in Sources */ = {isa = PBXBuildFile; fileRef = A4E63DB4E7FF67B5EAA6CF8E /* PlayerGestureService.swift */; };
		94F2DB8C71A71CB49AFBACCC /* AppDelegate.swift in Sources */ = {isa = PBXBuildFile; fileRef = 7FF7541EFC0AC0E95857BF7B /* AppDelegate.swift */; };
		97830ECBCFFF15F11C4CC649 /* ShowcaseFeedScenePlayer.swift in Sources */ = {isa = PBXBuildFile; fileRef = 1D3BCA95CAF5FDE921DC513A /* ShowcaseFeedScenePlayer.swift */; };
		9AE4A61E382BC0FBDBEF523F /* MixedListKit in Frameworks */ = {isa = PBXBuildFile; productRef = 408972518AE74A8DEBCA6DD3 /* MixedListKit */; };
		AEFE8D25733A057DB32CDDA4 /* PlayerToastService.swift in Sources */ = {isa = PBXBuildFile; fileRef = EB48568B5B6833FC9A742313 /* PlayerToastService.swift */; };
		B1681DA99882EE6B8F90AF9C /* ShowcaseFeedDataService.swift in Sources */ = {isa = PBXBuildFile; fileRef = 0AEA84090C824CD3BCB4846C /* ShowcaseFeedDataService.swift */; };
		BE21072D48355CE9F8F8E730 /* PlayerFinishViewService.swift in Sources */ = {isa = PBXBuildFile; fileRef = 04FA6B1F9A90F063BCA227C1 /* PlayerFinishViewService.swift */; };
		BFC4C7DE20484E76A5053119 /* StickyEventTests.swift in Sources */ = {isa = PBXBuildFile; fileRef = 2EFFC22FCFBB8C9F2E43E503 /* StickyEventTests.swift */; };
		C4CC8EC0B3DEE14AFFFCE901 /* PlayerControlViewService.swift in Sources */ = {isa = PBXBuildFile; fileRef = 1A4E6ABEEF584640634B139A /* PlayerControlViewService.swift */; };
		CA101E8C4775161903D5A741 /* PlayerDebugPlugin.swift in Sources */ = {isa = PBXBuildFile; fileRef = E626055570D14098D33EDA0C /* PlayerDebugPlugin.swift */; };
		CA34F6FE14A2FD7913134342 /* ShowcaseDetailViewController.swift in Sources */ = {isa = PBXBuildFile; fileRef = D33EB5E11A99887B46D48083 /* ShowcaseDetailViewController.swift */; };
		CE53BE4935B6330815ACA514 /* ShowcaseDetailLongPressSpeedPlugin.swift in Sources */ = {isa = PBXBuildFile; fileRef = 6FD2438B2B6F043830CFEC65 /* ShowcaseDetailLongPressSpeedPlugin.swift */; };
		CF695D0DCE70E1890629CB41 /* PlayerControlViewPlugin.swift in Sources */ = {isa = PBXBuildFile; fileRef = 581E837D6A151BF67860C33A /* PlayerControlViewPlugin.swift */; };
		D0F91612CFE24C38AE59C7A8 /* ShowcaseFeedPlaybackPlugin.swift in Sources */ = {isa = PBXBuildFile; fileRef = 61A259D4B8F7FC60E296465F /* ShowcaseFeedPlaybackPlugin.swift */; };
		D3F2A83B22646052AAE6A992 /* ShowcaseFeedSectionViewModel.swift in Sources */ = {isa = PBXBuildFile; fileRef = BA67D9F0EB72B679CBAE9682 /* ShowcaseFeedSectionViewModel.swift */; };
		D47735ECCDDA1539335132D7 /* ShowcaseFeedListViewController.swift in Sources */ = {isa = PBXBuildFile; fileRef = 55F08C99AEA9161CEBB3D599 /* ShowcaseFeedListViewController.swift */; };
		DA9922EAA4C518C3AE1F5FAA /* ShowcaseFeedSectionController.swift in Sources */ = {isa = PBXBuildFile; fileRef = 990A46EC5472B01DA03BA14F /* ShowcaseFeedSectionController.swift */; };
		DEB2B8D8C5F3753CCDA12B2E /* PlayerPanelPlugin.swift in Sources */ = {isa = PBXBuildFile; fileRef = 3B71B8E3A48AF581E93C4619 /* PlayerPanelPlugin.swift */; };
		E37F6129012A0BFE6F8E8E54 /* ShowcaseAutoPlayNextService.swift in Sources */ = {isa = PBXBuildFile; fileRef = 5B08AF659EAC96B4D19DA4F5 /* ShowcaseAutoPlayNextService.swift */; };
		E871E72A923D77790B8A46A5 /* ShowcaseFeedOverlayPlugin.swift in Sources */ = {isa = PBXBuildFile; fileRef = CB46E79FF10C01EBA0BB4067 /* ShowcaseFeedOverlayPlugin.swift */; };
		EC13DB8ED04A37B04EEBB728 /* ShowcaseFeedCell.swift in Sources */ = {isa = PBXBuildFile; fileRef = D70A384A8940840324373D76 /* ShowcaseFeedCell.swift */; };
		F18F696C9677A0924267FE10 /* ShowcaseFeedDataPlugin.swift in Sources */ = {isa = PBXBuildFile; fileRef = B1386629B3D68F1B310EE448 /* ShowcaseFeedDataPlugin.swift */; };
		F2CE4E1A4190E751CBE7621D /* PlayerFullScreenService.swift in Sources */ = {isa = PBXBuildFile; fileRef = 437E890C0207C3BD7E057400 /* PlayerFullScreenService.swift */; };
		F4671601CE68B68D0D7D18A9 /* BizPlayerKit in Frameworks */ = {isa = PBXBuildFile; productRef = D4178E8F4E0A022BB2C6021A /* BizPlayerKit */; };
		F864BEDD7681D25676E46CC2 /* ShowcaseGestureHandlers.swift in Sources */ = {isa = PBXBuildFile; fileRef = A2693DD18DB3CB2F4A35B723 /* ShowcaseGestureHandlers.swift */; };
		FB2D13B888BFA7BA6E4862CE /* PlayerZoomService.swift in Sources */ = {isa = PBXBuildFile; fileRef = 340B94B339C497C2985D5F4B /* PlayerZoomService.swift */; };
		FDB203A5810DAD68EA3FAAD7 /* ContextTests.swift in Sources */ = {isa = PBXBuildFile; fileRef = 0B50CC1B57011181EBD2E78E /* ContextTests.swift */; };
		FF0B2C9D1C2BE25C0EDFD686 /* ShowcaseDetailControlPlugin.swift in Sources */ = {isa = PBXBuildFile; fileRef = 9A7516359C093C748A1E530F /* ShowcaseDetailControlPlugin.swift */; };
/* End PBXBuildFile section */

/* Begin PBXFileReference section */
		008504044AE93C86DE333BA5 /* ScenePlayerProcessPlugin.swift */ = {isa = PBXFileReference; lastKnownFileType = sourcecode.swift; path = ScenePlayerProcessPlugin.swift; sourceTree = "<group>"; };
		02DC5B232D91C22B779567CA /* BizPlayerKit */ = {isa = PBXFileReference; lastKnownFileType = folder; name = BizPlayerKit; path = ../Packages/BizPlayerKit; sourceTree = SOURCE_ROOT; };
		04FA6B1F9A90F063BCA227C1 /* PlayerFinishViewService.swift */ = {isa = PBXFileReference; lastKnownFileType = sourcecode.swift; path = PlayerFinishViewService.swift; sourceTree = "<group>"; };
		0AEA84090C824CD3BCB4846C /* ShowcaseFeedDataService.swift */ = {isa = PBXFileReference; lastKnownFileType = sourcecode.swift; path = ShowcaseFeedDataService.swift; sourceTree = "<group>"; };
		0B50CC1B57011181EBD2E78E /* ContextTests.swift */ = {isa = PBXFileReference; lastKnownFileType = sourcecode.swift; path = ContextTests.swift; sourceTree = "<group>"; };
		16143A61FDDA9A426011C0D2 /* BizPlayerKitTests.xctest */ = {isa = PBXFileReference; includeInIndex = 0; lastKnownFileType = wrapper.cfbundle; path = BizPlayerKitTests.xctest; sourceTree = BUILT_PRODUCTS_DIR; };
		189F9040412B67F8BA3BE2C6 /* ShowcaseDetailLongPressSpeedService.swift */ = {isa = PBXFileReference; lastKnownFileType = sourcecode.swift; path = ShowcaseDetailLongPressSpeedService.swift; sourceTree = "<group>"; };
		1A4E6ABEEF584640634B139A /* PlayerControlViewService.swift */ = {isa = PBXFileReference; lastKnownFileType = sourcecode.swift; path = PlayerControlViewService.swift; sourceTree = "<group>"; };
		1BCECE80D2529ED40EB1CAF5 /* PlayerSpeedPanelView.swift */ = {isa = PBXFileReference; lastKnownFileType = sourcecode.swift; path = PlayerSpeedPanelView.swift; sourceTree = "<group>"; };
		1D3BCA95CAF5FDE921DC513A /* ShowcaseFeedScenePlayer.swift */ = {isa = PBXFileReference; lastKnownFileType = sourcecode.swift; path = ShowcaseFeedScenePlayer.swift; sourceTree = "<group>"; };
		21AEBF9F4BCB9EAB761B9A71 /* PlayerGesturePlugin.swift */ = {isa = PBXFileReference; lastKnownFileType = sourcecode.swift; path = PlayerGesturePlugin.swift; sourceTree = "<group>"; };
		292027AF722AB2C9EA8D548E /* PlayerSpeedPanelPlugin.swift */ = {isa = PBXFileReference; lastKnownFileType = sourcecode.swift; path = PlayerSpeedPanelPlugin.swift; sourceTree = "<group>"; };
		2EFFC22FCFBB8C9F2E43E503 /* StickyEventTests.swift */ = {isa = PBXFileReference; lastKnownFileType = sourcecode.swift; path = StickyEventTests.swift; sourceTree = "<group>"; };
		340B94B339C497C2985D5F4B /* PlayerZoomService.swift */ = {isa = PBXFileReference; lastKnownFileType = sourcecode.swift; path = PlayerZoomService.swift; sourceTree = "<group>"; };
		34A24F3DE837FF5FA4FFF8CE /* ShowcaseFeedCellViewPlugin.swift */ = {isa = PBXFileReference; lastKnownFileType = sourcecode.swift; path = ShowcaseFeedCellViewPlugin.swift; sourceTree = "<group>"; };
		3A447AC747C200AF3FF13C01 /* ShowcaseFeedCellViewService.swift */ = {isa = PBXFileReference; lastKnownFileType = sourcecode.swift; path = ShowcaseFeedCellViewService.swift; sourceTree = "<group>"; };
		3B71B8E3A48AF581E93C4619 /* PlayerPanelPlugin.swift */ = {isa = PBXFileReference; lastKnownFileType = sourcecode.swift; path = PlayerPanelPlugin.swift; sourceTree = "<group>"; };
		3E3E7AB97B692D3FA6C2098B /* PlayerTipManagerPlugin.swift */ = {isa = PBXFileReference; lastKnownFileType = sourcecode.swift; path = PlayerTipManagerPlugin.swift; sourceTree = "<group>"; };
		437E890C0207C3BD7E057400 /* PlayerFullScreenService.swift */ = {isa = PBXFileReference; lastKnownFileType = sourcecode.swift; path = PlayerFullScreenService.swift; sourceTree = "<group>"; };
		4823F044FDF75E9040A2C600 /* SceneDelegate.swift */ = {isa = PBXFileReference; lastKnownFileType = sourcecode.swift; path = SceneDelegate.swift; sourceTree = "<group>"; };
		4A8D41BBCCF60A68688A19C3 /* PlayerDebugService.swift */ = {isa = PBXFileReference; lastKnownFileType = sourcecode.swift; path = PlayerDebugService.swift; sourceTree = "<group>"; };
		4ABEBDBCDA96427BBB9D4E82 /* PlayerTipManagerService.swift */ = {isa = PBXFileReference; lastKnownFileType = sourcecode.swift; path = PlayerTipManagerService.swift; sourceTree = "<group>"; };
		50805C026EC2ECDF8E3B36EF /* ShowcaseDetailControlService.swift */ = {isa = PBXFileReference; lastKnownFileType = sourcecode.swift; path = ShowcaseDetailControlService.swift; sourceTree = "<group>"; };
		53389B3FC1E810810FBB490E /* ShowcaseAutoPlayNextPlugin.swift */ = {isa = PBXFileReference; lastKnownFileType = sourcecode.swift; path = ShowcaseAutoPlayNextPlugin.swift; sourceTree = "<group>"; };
		55F08C99AEA9161CEBB3D599 /* ShowcaseFeedListViewController.swift */ = {isa = PBXFileReference; lastKnownFileType = sourcecode.swift; path = ShowcaseFeedListViewController.swift; sourceTree = "<group>"; };
		581E837D6A151BF67860C33A /* PlayerControlViewPlugin.swift */ = {isa = PBXFileReference; lastKnownFileType = sourcecode.swift; path = PlayerControlViewPlugin.swift; sourceTree = "<group>"; };
		5B08AF659EAC96B4D19DA4F5 /* ShowcaseAutoPlayNextService.swift */ = {isa = PBXFileReference; lastKnownFileType = sourcecode.swift; path = ShowcaseAutoPlayNextService.swift; sourceTree = "<group>"; };
		61A259D4B8F7FC60E296465F /* ShowcaseFeedPlaybackPlugin.swift */ = {isa = PBXFileReference; lastKnownFileType = sourcecode.swift; path = ShowcaseFeedPlaybackPlugin.swift; sourceTree = "<group>"; };
		6AA7178FB8FD997439BE4895 /* ShowcaseFeedListViewModel.swift */ = {isa = PBXFileReference; lastKnownFileType = sourcecode.swift; path = ShowcaseFeedListViewModel.swift; sourceTree = "<group>"; };
		6BF240B0D9ABD4FB132D2321 /* PlayerToastPlugin.swift */ = {isa = PBXFileReference; lastKnownFileType = sourcecode.swift; path = PlayerToastPlugin.swift; sourceTree = "<group>"; };
		6E5C83E4BFF16AE27F23463B /* PlayerKitDemo.app */ = {isa = PBXFileReference; includeInIndex = 0; lastKnownFileType = wrapper.application; path = PlayerKitDemo.app; sourceTree = BUILT_PRODUCTS_DIR; };
		6FD2438B2B6F043830CFEC65 /* ShowcaseDetailLongPressSpeedPlugin.swift */ = {isa = PBXFileReference; lastKnownFileType = sourcecode.swift; path = ShowcaseDetailLongPressSpeedPlugin.swift; sourceTree = "<group>"; };
		7FF7541EFC0AC0E95857BF7B /* AppDelegate.swift */ = {isa = PBXFileReference; lastKnownFileType = sourcecode.swift; path = AppDelegate.swift; sourceTree = "<group>"; };
		8596D75076C16739EDEF5AD3 /* PlayerZoomPlugin.swift */ = {isa = PBXFileReference; lastKnownFileType = sourcecode.swift; path = PlayerZoomPlugin.swift; sourceTree = "<group>"; };
		85C0E3E176B0B9CCC50AA6F5 /* ServiceDiscoveryTests.swift */ = {isa = PBXFileReference; lastKnownFileType = sourcecode.swift; path = ServiceDiscoveryTests.swift; sourceTree = "<group>"; };
		91971AA6E4A77F1362C76D7C /* ScenePlayerRegProvider.swift */ = {isa = PBXFileReference; lastKnownFileType = sourcecode.swift; path = ScenePlayerRegProvider.swift; sourceTree = "<group>"; };
		990A46EC5472B01DA03BA14F /* ShowcaseFeedSectionController.swift */ = {isa = PBXFileReference; lastKnownFileType = sourcecode.swift; path = ShowcaseFeedSectionController.swift; sourceTree = "<group>"; };
		9A7516359C093C748A1E530F /* ShowcaseDetailControlPlugin.swift */ = {isa = PBXFileReference; lastKnownFileType = sourcecode.swift; path = ShowcaseDetailControlPlugin.swift; sourceTree = "<group>"; };
		9ADA14A144176E13E0156BCC /* ShowcaseFeedCellViewModel.swift */ = {isa = PBXFileReference; lastKnownFileType = sourcecode.swift; path = ShowcaseFeedCellViewModel.swift; sourceTree = "<group>"; };
		9FA3AED13119D4526E41FBBD /* ShowcaseModels.swift */ = {isa = PBXFileReference; lastKnownFileType = sourcecode.swift; path = ShowcaseModels.swift; sourceTree = "<group>"; };
		A2693DD18DB3CB2F4A35B723 /* ShowcaseGestureHandlers.swift */ = {isa = PBXFileReference; lastKnownFileType = sourcecode.swift; path = ShowcaseGestureHandlers.swift; sourceTree = "<group>"; };
		A4E63DB4E7FF67B5EAA6CF8E /* PlayerGestureService.swift */ = {isa = PBXFileReference; lastKnownFileType = sourcecode.swift; path = PlayerGestureService.swift; sourceTree = "<group>"; };
		B1386629B3D68F1B310EE448 /* ShowcaseFeedDataPlugin.swift */ = {isa = PBXFileReference; lastKnownFileType = sourcecode.swift; path = ShowcaseFeedDataPlugin.swift; sourceTree = "<group>"; };
		B42634BDE60C366E10C2E001 /* PlayerPanelService.swift */ = {isa = PBXFileReference; lastKnownFileType = sourcecode.swift; path = PlayerPanelService.swift; sourceTree = "<group>"; };
		BA67D9F0EB72B679CBAE9682 /* ShowcaseFeedSectionViewModel.swift */ = {isa = PBXFileReference; lastKnownFileType = sourcecode.swift; path = ShowcaseFeedSectionViewModel.swift; sourceTree = "<group>"; };
		C1F0CC779B377F9A7E4A0BFB /* ScenePlayerProcessService.swift */ = {isa = PBXFileReference; lastKnownFileType = sourcecode.swift; path = ScenePlayerProcessService.swift; sourceTree = "<group>"; };
		C2F966AE13FD582B687A8ED6 /* PlayerFullScreenPlugin.swift */ = {isa = PBXFileReference; lastKnownFileType = sourcecode.swift; path = PlayerFullScreenPlugin.swift; sourceTree = "<group>"; };
		CB46E79FF10C01EBA0BB4067 /* ShowcaseFeedOverlayPlugin.swift */ = {isa = PBXFileReference; lastKnownFileType = sourcecode.swift; path = ShowcaseFeedOverlayPlugin.swift; sourceTree = "<group>"; };
		D33EB5E11A99887B46D48083 /* ShowcaseDetailViewController.swift */ = {isa = PBXFileReference; lastKnownFileType = sourcecode.swift; path = ShowcaseDetailViewController.swift; sourceTree = "<group>"; };
		D70A384A8940840324373D76 /* ShowcaseFeedCell.swift */ = {isa = PBXFileReference; lastKnownFileType = sourcecode.swift; path = ShowcaseFeedCell.swift; sourceTree = "<group>"; };
		E146581D2E6CC1E5435E77F9 /* ShowcaseDetailSceneContext.swift */ = {isa = PBXFileReference; lastKnownFileType = sourcecode.swift; path = ShowcaseDetailSceneContext.swift; sourceTree = "<group>"; };
		E20EFA5A475C963304460EFE /* PlayerSpeedPanelService.swift */ = {isa = PBXFileReference; lastKnownFileType = sourcecode.swift; path = PlayerSpeedPanelService.swift; sourceTree = "<group>"; };
		E626055570D14098D33EDA0C /* PlayerDebugPlugin.swift */ = {isa = PBXFileReference; lastKnownFileType = sourcecode.swift; path = PlayerDebugPlugin.swift; sourceTree = "<group>"; };
		EB48568B5B6833FC9A742313 /* PlayerToastService.swift */ = {isa = PBXFileReference; lastKnownFileType = sourcecode.swift; path = PlayerToastService.swift; sourceTree = "<group>"; };
		EB63ECAEEDCFE37CDEEED891 /* ShowcaseFeedOverlayService.swift */ = {isa = PBXFileReference; lastKnownFileType = sourcecode.swift; path = ShowcaseFeedOverlayService.swift; sourceTree = "<group>"; };
		ECE644144CD1410A23B5A24C /* PlayerFinishViewPlugin.swift */ = {isa = PBXFileReference; lastKnownFileType = sourcecode.swift; path = PlayerFinishViewPlugin.swift; sourceTree = "<group>"; };
		F1A9CD99A52FC898335AAB4D /* MixedListKit */ = {isa = PBXFileReference; lastKnownFileType = folder; name = MixedListKit; path = ../Packages/MixedListKit; sourceTree = SOURCE_ROOT; };
		F2652D80C2E3741EA1B9E762 /* Info.plist */ = {isa = PBXFileReference; lastKnownFileType = text.plist; path = Info.plist; sourceTree = "<group>"; };
/* End PBXFileReference section */

/* Begin PBXFrameworksBuildPhase section */
		00B82D40315222F2E05E83C3 /* Frameworks */ = {
			isa = PBXFrameworksBuildPhase;
			buildActionMask = 2147483647;
			files = (
				F4671601CE68B68D0D7D18A9 /* BizPlayerKit in Frameworks */,
				9AE4A61E382BC0FBDBEF523F /* MixedListKit in Frameworks */,
			);
			runOnlyForDeploymentPostprocessing = 0;
		};
		1D637B9D84C9B5171BB4E708 /* Frameworks */ = {
			isa = PBXFrameworksBuildPhase;
			buildActionMask = 2147483647;
			files = (
				0063E2522B044FE6B42A9FAD /* BizPlayerKit in Frameworks */,
			);
			runOnlyForDeploymentPostprocessing = 0;
		};
/* End PBXFrameworksBuildPhase section */

/* Begin PBXGroup section */
		000BFCCD6094B294849BC8E5 /* FinishView */ = {
			isa = PBXGroup;
			children = (
				ECE644144CD1410A23B5A24C /* PlayerFinishViewPlugin.swift */,
				04FA6B1F9A90F063BCA227C1 /* PlayerFinishViewService.swift */,
			);
			path = FinishView;
			sourceTree = "<group>";
		};
		04AC401208C96AEE968023A3 /* Packages */ = {
			isa = PBXGroup;
			children = (
				02DC5B232D91C22B779567CA /* BizPlayerKit */,
				F1A9CD99A52FC898335AAB4D /* MixedListKit */,
			);
			name = Packages;
			sourceTree = "<group>";
		};
		07D99DAEE1CAE3E5A01A3DF8 /* Plugins */ = {
			isa = PBXGroup;
			children = (
				4ED14AEABEEAD09EFFEECA4B /* AutoPlayNext */,
				BB175F79501AA897837193BC /* ControlView */,
				7BF8B8B0BDF6EADC7D21047A /* Debug */,
				3F8D3A28AAF2973950ADCF4D /* DetailControl */,
				E6E34074FC327947554E595D /* DetailLongPressSpeed */,
				9BC19CC8BF18111F5D0444AB /* FeedCellView */,
				2F56E8F096FDA77B110434EF /* FeedData */,
				000BFCCD6094B294849BC8E5 /* FinishView */,
				E11AC4F052D38C12F2D2924E /* FullScreen */,
				BDC5B3E942C0578D8D1B560B /* Gesture */,
				121589F2836C153151F9CA80 /* Overlay */,
				D0D7D892282904E4DDF793A8 /* Panel */,
				BB2FBCF19EC9F4515FC58A70 /* Process */,
				963CD464180EC955C75AAA64 /* SpeedPanel */,
				772A0987D72CB178C15CC5E6 /* TipManager */,
				5849229BA96CEE9907E894D8 /* Toast */,
				2AD459996DE5E75BBCB896B6 /* Zoom */,
			);
			path = Plugins;
			sourceTree = "<group>";
		};
		121589F2836C153151F9CA80 /* Overlay */ = {
			isa = PBXGroup;
			children = (
				CB46E79FF10C01EBA0BB4067 /* ShowcaseFeedOverlayPlugin.swift */,
				EB63ECAEEDCFE37CDEEED891 /* ShowcaseFeedOverlayService.swift */,
			);
			path = Overlay;
			sourceTree = "<group>";
		};
		13EB159FBD6B1947C9303DAC = {
			isa = PBXGroup;
			children = (
				444C952E281A889424D5FFE9 /* BizPlayerKitTests */,
				04AC401208C96AEE968023A3 /* Packages */,
				EF68251CC3874B97FFE40774 /* PlayerKitDemo */,
				8AA8A2A669B9CF8E91427FB0 /* Products */,
			);
			sourceTree = "<group>";
		};
		1A4B0AC3C28B7F575CB13343 /* Showcase */ = {
			isa = PBXGroup;
			children = (
				E146581D2E6CC1E5435E77F9 /* ShowcaseDetailSceneContext.swift */,
				D33EB5E11A99887B46D48083 /* ShowcaseDetailViewController.swift */,
				D70A384A8940840324373D76 /* ShowcaseFeedCell.swift */,
				9ADA14A144176E13E0156BCC /* ShowcaseFeedCellViewModel.swift */,
				55F08C99AEA9161CEBB3D599 /* ShowcaseFeedListViewController.swift */,
				6AA7178FB8FD997439BE4895 /* ShowcaseFeedListViewModel.swift */,
				61A259D4B8F7FC60E296465F /* ShowcaseFeedPlaybackPlugin.swift */,
				1D3BCA95CAF5FDE921DC513A /* ShowcaseFeedScenePlayer.swift */,
				990A46EC5472B01DA03BA14F /* ShowcaseFeedSectionController.swift */,
				BA67D9F0EB72B679CBAE9682 /* ShowcaseFeedSectionViewModel.swift */,
				A2693DD18DB3CB2F4A35B723 /* ShowcaseGestureHandlers.swift */,
				9FA3AED13119D4526E41FBBD /* ShowcaseModels.swift */,
			);
			path = Showcase;
			sourceTree = "<group>";
		};
		2AD459996DE5E75BBCB896B6 /* Zoom */ = {
			isa = PBXGroup;
			children = (
				8596D75076C16739EDEF5AD3 /* PlayerZoomPlugin.swift */,
				340B94B339C497C2985D5F4B /* PlayerZoomService.swift */,
			);
			path = Zoom;
			sourceTree = "<group>";
		};
		2F56E8F096FDA77B110434EF /* FeedData */ = {
			isa = PBXGroup;
			children = (
				B1386629B3D68F1B310EE448 /* ShowcaseFeedDataPlugin.swift */,
				0AEA84090C824CD3BCB4846C /* ShowcaseFeedDataService.swift */,
			);
			path = FeedData;
			sourceTree = "<group>";
		};
		3F8D3A28AAF2973950ADCF4D /* DetailControl */ = {
			isa = PBXGroup;
			children = (
				9A7516359C093C748A1E530F /* ShowcaseDetailControlPlugin.swift */,
				50805C026EC2ECDF8E3B36EF /* ShowcaseDetailControlService.swift */,
			);
			path = DetailControl;
			sourceTree = "<group>";
		};
		444C952E281A889424D5FFE9 /* BizPlayerKitTests */ = {
			isa = PBXGroup;
			children = (
				0B50CC1B57011181EBD2E78E /* ContextTests.swift */,
				85C0E3E176B0B9CCC50AA6F5 /* ServiceDiscoveryTests.swift */,
				2EFFC22FCFBB8C9F2E43E503 /* StickyEventTests.swift */,
			);
			name = BizPlayerKitTests;
			path = ../Packages/BizPlayerKit/Tests/BizPlayerKitTests;
			sourceTree = "<group>";
		};
		4ED14AEABEEAD09EFFEECA4B /* AutoPlayNext */ = {
			isa = PBXGroup;
			children = (
				53389B3FC1E810810FBB490E /* ShowcaseAutoPlayNextPlugin.swift */,
				5B08AF659EAC96B4D19DA4F5 /* ShowcaseAutoPlayNextService.swift */,
			);
			path = AutoPlayNext;
			sourceTree = "<group>";
		};
		5849229BA96CEE9907E894D8 /* Toast */ = {
			isa = PBXGroup;
			children = (
				6BF240B0D9ABD4FB132D2321 /* PlayerToastPlugin.swift */,
				EB48568B5B6833FC9A742313 /* PlayerToastService.swift */,
			);
			path = Toast;
			sourceTree = "<group>";
		};
		6870C8B0A43B7D54441D5AD9 /* Features */ = {
			isa = PBXGroup;
			children = (
			);
			path = Features;
			sourceTree = "<group>";
		};
		772A0987D72CB178C15CC5E6 /* TipManager */ = {
			isa = PBXGroup;
			children = (
				3E3E7AB97B692D3FA6C2098B /* PlayerTipManagerPlugin.swift */,
				4ABEBDBCDA96427BBB9D4E82 /* PlayerTipManagerService.swift */,
			);
			path = TipManager;
			sourceTree = "<group>";
		};
		7A364C970E36BE1838001795 /* Demo */ = {
			isa = PBXGroup;
			children = (
				6870C8B0A43B7D54441D5AD9 /* Features */,
				1A4B0AC3C28B7F575CB13343 /* Showcase */,
			);
			path = Demo;
			sourceTree = "<group>";
		};
		7BF8B8B0BDF6EADC7D21047A /* Debug */ = {
			isa = PBXGroup;
			children = (
				E626055570D14098D33EDA0C /* PlayerDebugPlugin.swift */,
				4A8D41BBCCF60A68688A19C3 /* PlayerDebugService.swift */,
			);
			path = Debug;
			sourceTree = "<group>";
		};
		8057B573C3DCE185B5D815F8 /* Player */ = {
			isa = PBXGroup;
			children = (
				DBCA3D6686499E80FA79C89B /* Configuration */,
			);
			path = Player;
			sourceTree = "<group>";
		};
		8AA8A2A669B9CF8E91427FB0 /* Products */ = {
			isa = PBXGroup;
			children = (
				16143A61FDDA9A426011C0D2 /* BizPlayerKitTests.xctest */,
				6E5C83E4BFF16AE27F23463B /* PlayerKitDemo.app */,
			);
			name = Products;
			sourceTree = "<group>";
		};
		963CD464180EC955C75AAA64 /* SpeedPanel */ = {
			isa = PBXGroup;
			children = (
				292027AF722AB2C9EA8D548E /* PlayerSpeedPanelPlugin.swift */,
				E20EFA5A475C963304460EFE /* PlayerSpeedPanelService.swift */,
				1BCECE80D2529ED40EB1CAF5 /* PlayerSpeedPanelView.swift */,
			);
			path = SpeedPanel;
			sourceTree = "<group>";
		};
		9BC19CC8BF18111F5D0444AB /* FeedCellView */ = {
			isa = PBXGroup;
			children = (
				34A24F3DE837FF5FA4FFF8CE /* ShowcaseFeedCellViewPlugin.swift */,
				3A447AC747C200AF3FF13C01 /* ShowcaseFeedCellViewService.swift */,
			);
			path = FeedCellView;
			sourceTree = "<group>";
		};
		A8D9C506BC6DC9F4B4B95D06 /* ScenePlayer */ = {
			isa = PBXGroup;
			children = (
				91971AA6E4A77F1362C76D7C /* ScenePlayerRegProvider.swift */,
				07D99DAEE1CAE3E5A01A3DF8 /* Plugins */,
			);
			path = ScenePlayer;
			sourceTree = "<group>";
		};
		BB175F79501AA897837193BC /* ControlView */ = {
			isa = PBXGroup;
			children = (
				581E837D6A151BF67860C33A /* PlayerControlViewPlugin.swift */,
				1A4E6ABEEF584640634B139A /* PlayerControlViewService.swift */,
			);
			path = ControlView;
			sourceTree = "<group>";
		};
		BB2FBCF19EC9F4515FC58A70 /* Process */ = {
			isa = PBXGroup;
			children = (
				008504044AE93C86DE333BA5 /* ScenePlayerProcessPlugin.swift */,
				C1F0CC779B377F9A7E4A0BFB /* ScenePlayerProcessService.swift */,
			);
			path = Process;
			sourceTree = "<group>";
		};
		BDC5B3E942C0578D8D1B560B /* Gesture */ = {
			isa = PBXGroup;
			children = (
				21AEBF9F4BCB9EAB761B9A71 /* PlayerGesturePlugin.swift */,
				A4E63DB4E7FF67B5EAA6CF8E /* PlayerGestureService.swift */,
			);
			path = Gesture;
			sourceTree = "<group>";
		};
		D0D7D892282904E4DDF793A8 /* Panel */ = {
			isa = PBXGroup;
			children = (
				3B71B8E3A48AF581E93C4619 /* PlayerPanelPlugin.swift */,
				B42634BDE60C366E10C2E001 /* PlayerPanelService.swift */,
			);
			path = Panel;
			sourceTree = "<group>";
		};
		DBCA3D6686499E80FA79C89B /* Configuration */ = {
			isa = PBXGroup;
			children = (
			);
			path = Configuration;
			sourceTree = "<group>";
		};
		E11AC4F052D38C12F2D2924E /* FullScreen */ = {
			isa = PBXGroup;
			children = (
				C2F966AE13FD582B687A8ED6 /* PlayerFullScreenPlugin.swift */,
				437E890C0207C3BD7E057400 /* PlayerFullScreenService.swift */,
			);
			path = FullScreen;
			sourceTree = "<group>";
		};
		E6E34074FC327947554E595D /* DetailLongPressSpeed */ = {
			isa = PBXGroup;
			children = (
				6FD2438B2B6F043830CFEC65 /* ShowcaseDetailLongPressSpeedPlugin.swift */,
				189F9040412B67F8BA3BE2C6 /* ShowcaseDetailLongPressSpeedService.swift */,
			);
			path = DetailLongPressSpeed;
			sourceTree = "<group>";
		};
		EF68251CC3874B97FFE40774 /* PlayerKitDemo */ = {
			isa = PBXGroup;
			children = (
				7FF7541EFC0AC0E95857BF7B /* AppDelegate.swift */,
				F2652D80C2E3741EA1B9E762 /* Info.plist */,
				4823F044FDF75E9040A2C600 /* SceneDelegate.swift */,
				7A364C970E36BE1838001795 /* Demo */,
				8057B573C3DCE185B5D815F8 /* Player */,
				A8D9C506BC6DC9F4B4B95D06 /* ScenePlayer */,
			);
			path = PlayerKitDemo;
			sourceTree = "<group>";
		};
/* End PBXGroup section */

/* Begin PBXNativeTarget section */
		24906D9B41B5456427953E2A /* PlayerKitDemo */ = {
			isa = PBXNativeTarget;
			buildConfigurationList = D9EE581113988AF625887897 /* Build configuration list for PBXNativeTarget "PlayerKitDemo" */;
			buildPhases = (
				A16AC6F15C65FEA5E693723D /* Sources */,
				00B82D40315222F2E05E83C3 /* Frameworks */,
			);
			buildRules = (
			);
			dependencies = (
			);
			name = PlayerKitDemo;
			packageProductDependencies = (
				D4178E8F4E0A022BB2C6021A /* BizPlayerKit */,
				408972518AE74A8DEBCA6DD3 /* MixedListKit */,
			);
			productName = PlayerKitDemo;
			productReference = 6E5C83E4BFF16AE27F23463B /* PlayerKitDemo.app */;
			productType = "com.apple.product-type.application";
		};
		D0EE68207BF3FBC067BD1D25 /* BizPlayerKitTests */ = {
			isa = PBXNativeTarget;
			buildConfigurationList = 50ABD700D0AAD6345A01D06D /* Build configuration list for PBXNativeTarget "BizPlayerKitTests" */;
			buildPhases = (
				A68D3DEBDF2A6A3DDA7D6E81 /* Sources */,
				1D637B9D84C9B5171BB4E708 /* Frameworks */,
			);
			buildRules = (
			);
			dependencies = (
			);
			name = BizPlayerKitTests;
			packageProductDependencies = (
				6DB1AA1D72F3A73A7199EB34 /* BizPlayerKit */,
			);
			productName = BizPlayerKitTests;
			productReference = 16143A61FDDA9A426011C0D2 /* BizPlayerKitTests.xctest */;
			productType = "com.apple.product-type.bundle.unit-test";
		};
/* End PBXNativeTarget section */

/* Begin PBXProject section */
		5A27655CB2A2107E703A57C9 /* Project object */ = {
			isa = PBXProject;
			attributes = {
				BuildIndependentTargetsInParallel = YES;
				LastUpgradeCheck = 1600;
			};
			buildConfigurationList = C00DE18F9BBFAF88DD97F405 /* Build configuration list for PBXProject "PlayerKitDemo" */;
			compatibilityVersion = "Xcode 14.0";
			developmentRegion = en;
			hasScannedForEncodings = 0;
			knownRegions = (
				Base,
				en,
			);
			mainGroup = 13EB159FBD6B1947C9303DAC;
			minimizedProjectReferenceProxies = 1;
			packageReferences = (
				D4102EDFB293C9DD339FDDF6 /* XCLocalSwiftPackageReference "../Packages/BizPlayerKit" */,
				1046E0D7D906CAE3C8EE0BD9 /* XCLocalSwiftPackageReference "../Packages/MixedListKit" */,
			);
			preferredProjectObjectVersion = 77;
			projectDirPath = "";
			projectRoot = "";
			targets = (
				D0EE68207BF3FBC067BD1D25 /* BizPlayerKitTests */,
				24906D9B41B5456427953E2A /* PlayerKitDemo */,
			);
		};
/* End PBXProject section */

/* Begin PBXSourcesBuildPhase section */
		A16AC6F15C65FEA5E693723D /* Sources */ = {
			isa = PBXSourcesBuildPhase;
			buildActionMask = 2147483647;
			files = (
				94F2DB8C71A71CB49AFBACCC /* AppDelegate.swift in Sources */,
				CF695D0DCE70E1890629CB41 /* PlayerControlViewPlugin.swift in Sources */,
				C4CC8EC0B3DEE14AFFFCE901 /* PlayerControlViewService.swift in Sources */,
				CA101E8C4775161903D5A741 /* PlayerDebugPlugin.swift in Sources */,
				1EB8C9C31647171C1E123789 /* PlayerDebugService.swift in Sources */,
				81B83C0EC233EF008EF22866 /* PlayerFinishViewPlugin.swift in Sources */,
				BE21072D48355CE9F8F8E730 /* PlayerFinishViewService.swift in Sources */,
				8BE0A265609F39CBA7D3252D /* PlayerFullScreenPlugin.swift in Sources */,
				F2CE4E1A4190E751CBE7621D /* PlayerFullScreenService.swift in Sources */,
				7955DA6A981179B47E608902 /* PlayerGesturePlugin.swift in Sources */,
				921197E634346D9CE2ACBC9D /* PlayerGestureService.swift in Sources */,
				DEB2B8D8C5F3753CCDA12B2E /* PlayerPanelPlugin.swift in Sources */,
				3971DA2DC19A145B46BD8021 /* PlayerPanelService.swift in Sources */,
				12D7134C3FA162F6B30C683D /* PlayerSpeedPanelPlugin.swift in Sources */,
				83FE66A05B69AB2EC7A279B5 /* PlayerSpeedPanelService.swift in Sources */,
				70BF11961C053EC0C414DDD0 /* PlayerSpeedPanelView.swift in Sources */,
				3EFFCB7B4BAD59DAE3B2C1F7 /* PlayerTipManagerPlugin.swift in Sources */,
				2F2C272C1135D72AF7F02A27 /* PlayerTipManagerService.swift in Sources */,
				29500245CDD248A60F752C99 /* PlayerToastPlugin.swift in Sources */,
				AEFE8D25733A057DB32CDDA4 /* PlayerToastService.swift in Sources */,
				7DA382AAE10FF9B3A413EC30 /* PlayerZoomPlugin.swift in Sources */,
				FB2D13B888BFA7BA6E4862CE /* PlayerZoomService.swift in Sources */,
				295D7F537049A008EAD2B359 /* SceneDelegate.swift in Sources */,
				5B8CCB295648981B96441501 /* ScenePlayerProcessPlugin.swift in Sources */,
				88BE8C0A30606874808F9342 /* ScenePlayerProcessService.swift in Sources */,
				23FBD2DFE74934625D389EB0 /* ScenePlayerRegProvider.swift in Sources */,
				69A17D202B3EBCFF5073CF4A /* ShowcaseAutoPlayNextPlugin.swift in Sources */,
				E37F6129012A0BFE6F8E8E54 /* ShowcaseAutoPlayNextService.swift in Sources */,
				FF0B2C9D1C2BE25C0EDFD686 /* ShowcaseDetailControlPlugin.swift in Sources */,
				32B500996F844432262EFEE2 /* ShowcaseDetailControlService.swift in Sources */,
				CE53BE4935B6330815ACA514 /* ShowcaseDetailLongPressSpeedPlugin.swift in Sources */,
				0B487CBD030C1EDDD6A5D409 /* ShowcaseDetailLongPressSpeedService.swift in Sources */,
				7A7D4CE1BB1B3FC6D67F417A /* ShowcaseDetailSceneContext.swift in Sources */,
				CA34F6FE14A2FD7913134342 /* ShowcaseDetailViewController.swift in Sources */,
				EC13DB8ED04A37B04EEBB728 /* ShowcaseFeedCell.swift in Sources */,
				52932836644D7973CD55CBAD /* ShowcaseFeedCellViewModel.swift in Sources */,
				5F8C7918EA72AE7C3BE75126 /* ShowcaseFeedCellViewPlugin.swift in Sources */,
				8F7C01119CD6B57D08C92597 /* ShowcaseFeedCellViewService.swift in Sources */,
				F18F696C9677A0924267FE10 /* ShowcaseFeedDataPlugin.swift in Sources */,
				B1681DA99882EE6B8F90AF9C /* ShowcaseFeedDataService.swift in Sources */,
				D47735ECCDDA1539335132D7 /* ShowcaseFeedListViewController.swift in Sources */,
				1C383F3DE609B3CEFDC38607 /* ShowcaseFeedListViewModel.swift in Sources */,
				E871E72A923D77790B8A46A5 /* ShowcaseFeedOverlayPlugin.swift in Sources */,
				7FDA8094C8352E5782CD9DBA /* ShowcaseFeedOverlayService.swift in Sources */,
				D0F91612CFE24C38AE59C7A8 /* ShowcaseFeedPlaybackPlugin.swift in Sources */,
				97830ECBCFFF15F11C4CC649 /* ShowcaseFeedScenePlayer.swift in Sources */,
				DA9922EAA4C518C3AE1F5FAA /* ShowcaseFeedSectionController.swift in Sources */,
				D3F2A83B22646052AAE6A992 /* ShowcaseFeedSectionViewModel.swift in Sources */,
				F864BEDD7681D25676E46CC2 /* ShowcaseGestureHandlers.swift in Sources */,
				6CFA6A8C1EE437280104211D /* ShowcaseModels.swift in Sources */,
			);
			runOnlyForDeploymentPostprocessing = 0;
		};
		A68D3DEBDF2A6A3DDA7D6E81 /* Sources */ = {
			isa = PBXSourcesBuildPhase;
			buildActionMask = 2147483647;
			files = (
				FDB203A5810DAD68EA3FAAD7 /* ContextTests.swift in Sources */,
				5AF1E5E485B97678B6E75C42 /* ServiceDiscoveryTests.swift in Sources */,
				BFC4C7DE20484E76A5053119 /* StickyEventTests.swift in Sources */,
			);
			runOnlyForDeploymentPostprocessing = 0;
		};
/* End PBXSourcesBuildPhase section */

/* Begin XCBuildConfiguration section */
		188919BC5BE96152994F8177 /* Release */ = {
			isa = XCBuildConfiguration;
			buildSettings = {
				ALWAYS_SEARCH_USER_PATHS = NO;
				CLANG_ANALYZER_NONNULL = YES;
				CLANG_ANALYZER_NUMBER_OBJECT_CONVERSION = YES_AGGRESSIVE;
				CLANG_CXX_LANGUAGE_STANDARD = "gnu++14";
				CLANG_CXX_LIBRARY = "libc++";
				CLANG_ENABLE_MODULES = YES;
				CLANG_ENABLE_OBJC_ARC = YES;
				CLANG_ENABLE_OBJC_WEAK = YES;
				CLANG_WARN_BLOCK_CAPTURE_AUTORELEASING = YES;
				CLANG_WARN_BOOL_CONVERSION = YES;
				CLANG_WARN_COMMA = YES;
				CLANG_WARN_CONSTANT_CONVERSION = YES;
				CLANG_WARN_DEPRECATED_OBJC_IMPLEMENTATIONS = YES;
				CLANG_WARN_DIRECT_OBJC_ISA_USAGE = YES_ERROR;
				CLANG_WARN_DOCUMENTATION_COMMENTS = YES;
				CLANG_WARN_EMPTY_BODY = YES;
				CLANG_WARN_ENUM_CONVERSION = YES;
				CLANG_WARN_INFINITE_RECURSION = YES;
				CLANG_WARN_INT_CONVERSION = YES;
				CLANG_WARN_NON_LITERAL_NULL_CONVERSION = YES;
				CLANG_WARN_OBJC_IMPLICIT_RETAIN_SELF = YES;
				CLANG_WARN_OBJC_LITERAL_CONVERSION = YES;
				CLANG_WARN_OBJC_ROOT_CLASS = YES_ERROR;
				CLANG_WARN_QUOTED_INCLUDE_IN_FRAMEWORK_HEADER = YES;
				CLANG_WARN_RANGE_LOOP_ANALYSIS = YES;
				CLANG_WARN_STRICT_PROTOTYPES = YES;
				CLANG_WARN_SUSPICIOUS_MOVE = YES;
				CLANG_WARN_UNGUARDED_AVAILABILITY = YES_AGGRESSIVE;
				CLANG_WARN_UNREACHABLE_CODE = YES;
				CLANG_WARN__DUPLICATE_METHOD_MATCH = YES;
				COPY_PHASE_STRIP = NO;
				DEBUG_INFORMATION_FORMAT = "dwarf-with-dsym";
				ENABLE_NS_ASSERTIONS = NO;
				ENABLE_STRICT_OBJC_MSGSEND = YES;
				GCC_C_LANGUAGE_STANDARD = gnu11;
				GCC_NO_COMMON_BLOCKS = YES;
				GCC_WARN_64_TO_32_BIT_CONVERSION = YES;
				GCC_WARN_ABOUT_RETURN_TYPE = YES_ERROR;
				GCC_WARN_UNDECLARED_SELECTOR = YES;
				GCC_WARN_UNINITIALIZED_AUTOS = YES_AGGRESSIVE;
				GCC_WARN_UNUSED_FUNCTION = YES;
				GCC_WARN_UNUSED_VARIABLE = YES;
				IPHONEOS_DEPLOYMENT_TARGET = 15.6;
				MTL_ENABLE_DEBUG_INFO = NO;
				MTL_FAST_MATH = YES;
				PRODUCT_NAME = "$(TARGET_NAME)";
				SDKROOT = iphoneos;
				SWIFT_COMPILATION_MODE = wholemodule;
				SWIFT_OPTIMIZATION_LEVEL = "-O";
				SWIFT_VERSION = 5.0;
			};
			name = Release;
		};
		672851194BD9C41C117ED418 /* Debug */ = {
			isa = XCBuildConfiguration;
			buildSettings = {
				ALWAYS_SEARCH_USER_PATHS = NO;
				CLANG_ANALYZER_NONNULL = YES;
				CLANG_ANALYZER_NUMBER_OBJECT_CONVERSION = YES_AGGRESSIVE;
				CLANG_CXX_LANGUAGE_STANDARD = "gnu++14";
				CLANG_CXX_LIBRARY = "libc++";
				CLANG_ENABLE_MODULES = YES;
				CLANG_ENABLE_OBJC_ARC = YES;
				CLANG_ENABLE_OBJC_WEAK = YES;
				CLANG_WARN_BLOCK_CAPTURE_AUTORELEASING = YES;
				CLANG_WARN_BOOL_CONVERSION = YES;
				CLANG_WARN_COMMA = YES;
				CLANG_WARN_CONSTANT_CONVERSION = YES;
				CLANG_WARN_DEPRECATED_OBJC_IMPLEMENTATIONS = YES;
				CLANG_WARN_DIRECT_OBJC_ISA_USAGE = YES_ERROR;
				CLANG_WARN_DOCUMENTATION_COMMENTS = YES;
				CLANG_WARN_EMPTY_BODY = YES;
				CLANG_WARN_ENUM_CONVERSION = YES;
				CLANG_WARN_INFINITE_RECURSION = YES;
				CLANG_WARN_INT_CONVERSION = YES;
				CLANG_WARN_NON_LITERAL_NULL_CONVERSION = YES;
				CLANG_WARN_OBJC_IMPLICIT_RETAIN_SELF = YES;
				CLANG_WARN_OBJC_LITERAL_CONVERSION = YES;
				CLANG_WARN_OBJC_ROOT_CLASS = YES_ERROR;
				CLANG_WARN_QUOTED_INCLUDE_IN_FRAMEWORK_HEADER = YES;
				CLANG_WARN_RANGE_LOOP_ANALYSIS = YES;
				CLANG_WARN_STRICT_PROTOTYPES = YES;
				CLANG_WARN_SUSPICIOUS_MOVE = YES;
				CLANG_WARN_UNGUARDED_AVAILABILITY = YES_AGGRESSIVE;
				CLANG_WARN_UNREACHABLE_CODE = YES;
				CLANG_WARN__DUPLICATE_METHOD_MATCH = YES;
				COPY_PHASE_STRIP = NO;
				DEBUG_INFORMATION_FORMAT = dwarf;
				ENABLE_STRICT_OBJC_MSGSEND = YES;
				ENABLE_TESTABILITY = YES;
				GCC_C_LANGUAGE_STANDARD = gnu11;
				GCC_DYNAMIC_NO_PIC = NO;
				GCC_NO_COMMON_BLOCKS = YES;
				GCC_OPTIMIZATION_LEVEL = 0;
				GCC_PREPROCESSOR_DEFINITIONS = (
					"$(inherited)",
					"DEBUG=1",
				);
				GCC_WARN_64_TO_32_BIT_CONVERSION = YES;
				GCC_WARN_ABOUT_RETURN_TYPE = YES_ERROR;
				GCC_WARN_UNDECLARED_SELECTOR = YES;
				GCC_WARN_UNINITIALIZED_AUTOS = YES_AGGRESSIVE;
				GCC_WARN_UNUSED_FUNCTION = YES;
				GCC_WARN_UNUSED_VARIABLE = YES;
				IPHONEOS_DEPLOYMENT_TARGET = 15.6;
				MTL_ENABLE_DEBUG_INFO = INCLUDE_SOURCE;
				MTL_FAST_MATH = YES;
				ONLY_ACTIVE_ARCH = YES;
				PRODUCT_NAME = "$(TARGET_NAME)";
				SDKROOT = iphoneos;
				SWIFT_ACTIVE_COMPILATION_CONDITIONS = DEBUG;
				SWIFT_OPTIMIZATION_LEVEL = "-Onone";
				SWIFT_VERSION = 5.0;
			};
			name = Debug;
		};
		891A370F46ECED39852702C9 /* Release */ = {
			isa = XCBuildConfiguration;
			buildSettings = {
				ASSETCATALOG_COMPILER_APPICON_NAME = AppIcon;
				CODE_SIGN_IDENTITY = "iPhone Developer";
				INFOPLIST_FILE = PlayerKitDemo/Info.plist;
				LD_RUNPATH_SEARCH_PATHS = (
					"$(inherited)",
					"@executable_path/Frameworks",
				);
				PRODUCT_BUNDLE_IDENTIFIER = com.ljx.playerkitdemo;
				SDKROOT = iphoneos;
				SWIFT_VERSION = 5.0;
				TARGETED_DEVICE_FAMILY = 1;
			};
			name = Release;
		};
		C381041BE7A0519B31A95617 /* Release */ = {
			isa = XCBuildConfiguration;
			buildSettings = {
				BUNDLE_LOADER = "$(TEST_HOST)";
				GENERATE_INFOPLIST_FILE = YES;
				LD_RUNPATH_SEARCH_PATHS = (
					"$(inherited)",
					"@executable_path/Frameworks",
					"@loader_path/Frameworks",
				);
				PRODUCT_BUNDLE_IDENTIFIER = com.ljx.bizplayerkit.tests;
				SDKROOT = iphoneos;
				SWIFT_VERSION = 5.0;
				TARGETED_DEVICE_FAMILY = "1,2";
			};
			name = Release;
		};
		DE25B5D3036650A674482B71 /* Debug */ = {
			isa = XCBuildConfiguration;
			buildSettings = {
				ASSETCATALOG_COMPILER_APPICON_NAME = AppIcon;
				CODE_SIGN_IDENTITY = "iPhone Developer";
				INFOPLIST_FILE = PlayerKitDemo/Info.plist;
				LD_RUNPATH_SEARCH_PATHS = (
					"$(inherited)",
					"@executable_path/Frameworks",
				);
				PRODUCT_BUNDLE_IDENTIFIER = com.ljx.playerkitdemo;
				SDKROOT = iphoneos;
				SWIFT_VERSION = 5.0;
				TARGETED_DEVICE_FAMILY = 1;
			};
			name = Debug;
		};
		E3AF06197E78EF83AC6D813D /* Debug */ = {
			isa = XCBuildConfiguration;
			buildSettings = {
				BUNDLE_LOADER = "$(TEST_HOST)";
				GENERATE_INFOPLIST_FILE = YES;
				LD_RUNPATH_SEARCH_PATHS = (
					"$(inherited)",
					"@executable_path/Frameworks",
					"@loader_path/Frameworks",
				);
				PRODUCT_BUNDLE_IDENTIFIER = com.ljx.bizplayerkit.tests;
				SDKROOT = iphoneos;
				SWIFT_VERSION = 5.0;
				TARGETED_DEVICE_FAMILY = "1,2";
			};
			name = Debug;
		};
/* End XCBuildConfiguration section */

/* Begin XCConfigurationList section */
		50ABD700D0AAD6345A01D06D /* Build configuration list for PBXNativeTarget "BizPlayerKitTests" */ = {
			isa = XCConfigurationList;
			buildConfigurations = (
				E3AF06197E78EF83AC6D813D /* Debug */,
				C381041BE7A0519B31A95617 /* Release */,
			);
			defaultConfigurationIsVisible = 0;
			defaultConfigurationName = Debug;
		};
		C00DE18F9BBFAF88DD97F405 /* Build configuration list for PBXProject "PlayerKitDemo" */ = {
			isa = XCConfigurationList;
			buildConfigurations = (
				672851194BD9C41C117ED418 /* Debug */,
				188919BC5BE96152994F8177 /* Release */,
			);
			defaultConfigurationIsVisible = 0;
			defaultConfigurationName = Debug;
		};
		D9EE581113988AF625887897 /* Build configuration list for PBXNativeTarget "PlayerKitDemo" */ = {
			isa = XCConfigurationList;
			buildConfigurations = (
				DE25B5D3036650A674482B71 /* Debug */,
				891A370F46ECED39852702C9 /* Release */,
			);
			defaultConfigurationIsVisible = 0;
			defaultConfigurationName = Debug;
		};
/* End XCConfigurationList section */

/* Begin XCLocalSwiftPackageReference section */
		1046E0D7D906CAE3C8EE0BD9 /* XCLocalSwiftPackageReference "../Packages/MixedListKit" */ = {
			isa = XCLocalSwiftPackageReference;
			relativePath = ../Packages/MixedListKit;
		};
		D4102EDFB293C9DD339FDDF6 /* XCLocalSwiftPackageReference "../Packages/BizPlayerKit" */ = {
			isa = XCLocalSwiftPackageReference;
			relativePath = ../Packages/BizPlayerKit;
		};
/* End XCLocalSwiftPackageReference section */

/* Begin XCSwiftPackageProductDependency section */
		408972518AE74A8DEBCA6DD3 /* MixedListKit */ = {
			isa = XCSwiftPackageProductDependency;
			productName = MixedListKit;
		};
		6DB1AA1D72F3A73A7199EB34 /* BizPlayerKit */ = {
			isa = XCSwiftPackageProductDependency;
			productName = BizPlayerKit;
		};
		D4178E8F4E0A022BB2C6021A /* BizPlayerKit */ = {
			isa = XCSwiftPackageProductDependency;
			productName = BizPlayerKit;
		};
/* End XCSwiftPackageProductDependency section */
	};
	rootObject = 5A27655CB2A2107E703A57C9 /* Project object */;
}
