{
  "originHash" : "bd3cf05d8398c85831e56a0e0f6d072889f1e9d744a13ec336f00038e94fe74b",
  "pins" : [
    {
      "identity" : "iglistkit",
      "kind" : "remoteSourceControl",
      "location" : "https://github.com/Instagram/IGListKit",
      "state" : {
        "revision" : "bb6dea7d6d9e578948cc601fa8200ab6b236c2b5",
        "version" : "5.1.0"
      }
    }
  ],
  "version" : 3
}
